<?xml version="1.0" encoding="utf-8"?>
<Project ToolsVersion="16.0" xmlns="http://schemas.microsoft.com/developer/msbuild/2003">
  <ItemGroup>
    <ClCompile Include="C:\Users\Axel BRUYERE\Projet_TSI\tools\format\mesh_io_obj.cpp">
      <Filter>Source Files</Filter>
    </ClCompile>
    <ClCompile Include="C:\Users\Axel BRUYERE\Projet_TSI\tools\format\mesh_io_off.cpp">
      <Filter>Source Files</Filter>
    </ClCompile>
    <ClCompile Include="C:\Users\Axel BRUYERE\Projet_TSI\tools\glhelper.cpp">
      <Filter>Source Files</Filter>
    </ClCompile>
    <ClCompile Include="C:\Users\Axel BRUYERE\Projet_TSI\tools\mat4.cpp">
      <Filter>Source Files</Filter>
    </ClCompile>
    <ClCompile Include="C:\Users\Axel BRUYERE\Projet_TSI\tools\mesh.cpp">
      <Filter>Source Files</Filter>
    </ClCompile>
    <ClCompile Include="C:\Users\Axel BRUYERE\Projet_TSI\tools\tga.cpp">
      <Filter>Source Files</Filter>
    </ClCompile>
    <ClCompile Include="C:\Users\Axel BRUYERE\Projet_TSI\tools\triangle_index.cpp">
      <Filter>Source Files</Filter>
    </ClCompile>
    <ClCompile Include="C:\Users\Axel BRUYERE\Projet_TSI\tools\vec2.cpp">
      <Filter>Source Files</Filter>
    </ClCompile>
    <ClCompile Include="C:\Users\Axel BRUYERE\Projet_TSI\tools\vec3.cpp">
      <Filter>Source Files</Filter>
    </ClCompile>
    <ClCompile Include="C:\Users\Axel BRUYERE\Projet_TSI\tools\vertex_opengl.cpp">
      <Filter>Source Files</Filter>
    </ClCompile>
  </ItemGroup>
  <ItemGroup>
    <ClInclude Include="C:\Users\Axel BRUYERE\Projet_TSI\tools\format\mesh_io_obj.hpp">
      <Filter>Header Files</Filter>
    </ClInclude>
    <ClInclude Include="C:\Users\Axel BRUYERE\Projet_TSI\tools\format\mesh_io_off.hpp">
      <Filter>Header Files</Filter>
    </ClInclude>
    <ClInclude Include="C:\Users\Axel BRUYERE\Projet_TSI\tools\glhelper.hpp">
      <Filter>Header Files</Filter>
    </ClInclude>
    <ClInclude Include="C:\Users\Axel BRUYERE\Projet_TSI\tools\image.hpp">
      <Filter>Header Files</Filter>
    </ClInclude>
    <ClInclude Include="C:\Users\Axel BRUYERE\Projet_TSI\tools\mat4.hpp">
      <Filter>Header Files</Filter>
    </ClInclude>
    <ClInclude Include="C:\Users\Axel BRUYERE\Projet_TSI\tools\mesh.hpp">
      <Filter>Header Files</Filter>
    </ClInclude>
    <ClInclude Include="C:\Users\Axel BRUYERE\Projet_TSI\tools\stb_image.h">
      <Filter>Header Files</Filter>
    </ClInclude>
    <ClInclude Include="C:\Users\Axel BRUYERE\Projet_TSI\tools\triangle_index.hpp">
      <Filter>Header Files</Filter>
    </ClInclude>
    <ClInclude Include="C:\Users\Axel BRUYERE\Projet_TSI\tools\vec2.hpp">
      <Filter>Header Files</Filter>
    </ClInclude>
    <ClInclude Include="C:\Users\Axel BRUYERE\Projet_TSI\tools\vec3.hpp">
      <Filter>Header Files</Filter>
    </ClInclude>
    <ClInclude Include="C:\Users\Axel BRUYERE\Projet_TSI\tools\vertex_opengl.hpp">
      <Filter>Header Files</Filter>
    </ClInclude>
  </ItemGroup>
  <ItemGroup>
    <CustomBuild Include="C:\Users\Axel BRUYERE\Projet_TSI\tools\CMakeLists.txt" />
  </ItemGroup>
  <ItemGroup>
    <Filter Include="Header Files">
      <UniqueIdentifier>{C26E56B7-9B0C-3499-BA63-E88BC84E3872}</UniqueIdentifier>
    </Filter>
    <Filter Include="Source Files">
      <UniqueIdentifier>{1CC0656A-0F44-3837-B035-1B176171B277}</UniqueIdentifier>
    </Filter>
  </ItemGroup>
</Project>
